
Microsoft Visual Studio Solution File, Format Version 12.00
# Visual Studio Version 17
VisualStudioVersion = 17.6.33723.286
MinimumVisualStudioVersion = 10.0.40219.1
Project("{FAE04EC0-301F-11D3-BF4B-00C04F79EFBC}") = "C# lab day 6 Q 3", "C# lab day 6 Q 3\C# lab day 6 Q 3.csproj", "{E0F8BA69-4F8A-469A-979E-41A509218620}"
EndProject
Global
	GlobalSection(SolutionConfigurationPlatforms) = preSolution
		Debug|Any CPU = Debug|Any CPU
		Release|Any CPU = Release|Any CPU
	EndGlobalSection
	GlobalSection(ProjectConfigurationPlatforms) = postSolution
		{E0F8BA69-4F8A-469A-979E-41A509218620}.Debug|Any CPU.ActiveCfg = Debug|Any CPU
		{E0F8BA69-4F8A-469A-979E-41A509218620}.Debug|Any CPU.Build.0 = Debug|Any CPU
		{E0F8BA69-4F8A-469A-979E-41A509218620}.Release|Any CPU.ActiveCfg = Release|Any CPU
		{E0F8BA69-4F8A-469A-979E-41A509218620}.Release|Any CPU.Build.0 = Release|Any CPU
	EndGlobalSection
	GlobalSection(SolutionProperties) = preSolution
		HideSolutionNode = FALSE
	EndGlobalSection
	GlobalSection(ExtensibilityGlobals) = postSolution
		SolutionGuid = {D3593339-F834-4BD4-9856-7822BA59ACAF}
	EndGlobalSection
EndGlobal
