
Microsoft Visual Studio Solution File, Format Version 12.00
# Visual Studio Version 17
VisualStudioVersion = 17.6.33723.286
MinimumVisualStudioVersion = 10.0.40219.1
Project("{FAE04EC0-301F-11D3-BF4B-00C04F79EFBC}") = "C# Lab tutorial day 02", "C# Lab tutorial day 02\C# Lab tutorial day 02.csproj", "{21DED22C-FCE3-44A2-B666-AA3DB48F67F3}"
EndProject
Global
	GlobalSection(SolutionConfigurationPlatforms) = preSolution
		Debug|Any CPU = Debug|Any CPU
		Release|Any CPU = Release|Any CPU
	EndGlobalSection
	GlobalSection(ProjectConfigurationPlatforms) = postSolution
		{21DED22C-FCE3-44A2-B666-AA3DB48F67F3}.Debug|Any CPU.ActiveCfg = Debug|Any CPU
		{21DED22C-FCE3-44A2-B666-AA3DB48F67F3}.Debug|Any CPU.Build.0 = Debug|Any CPU
		{21DED22C-FCE3-44A2-B666-AA3DB48F67F3}.Release|Any CPU.ActiveCfg = Release|Any CPU
		{21DED22C-FCE3-44A2-B666-AA3DB48F67F3}.Release|Any CPU.Build.0 = Release|Any CPU
	EndGlobalSection
	GlobalSection(SolutionProperties) = preSolution
		HideSolutionNode = FALSE
	EndGlobalSection
	GlobalSection(ExtensibilityGlobals) = postSolution
		SolutionGuid = {3D5FC671-8793-467E-A424-23A2BBB57E67}
	EndGlobalSection
EndGlobal
