
Microsoft Visual Studio Solution File, Format Version 12.00
# Visual Studio Version 17
VisualStudioVersion = 17.6.33723.286
MinimumVisualStudioVersion = 10.0.40219.1
Project("{FAE04EC0-301F-11D3-BF4B-00C04F79EFBC}") = "C# lab day 03 Q 04", "C# lab day 03 Q 04\C# lab day 03 Q 04.csproj", "{C1ED22B8-527A-4A50-9CA2-4454FF0A2243}"
EndProject
Global
	GlobalSection(SolutionConfigurationPlatforms) = preSolution
		Debug|Any CPU = Debug|Any CPU
		Release|Any CPU = Release|Any CPU
	EndGlobalSection
	GlobalSection(ProjectConfigurationPlatforms) = postSolution
		{C1ED22B8-527A-4A50-9CA2-4454FF0A2243}.Debug|Any CPU.ActiveCfg = Debug|Any CPU
		{C1ED22B8-527A-4A50-9CA2-4454FF0A2243}.Debug|Any CPU.Build.0 = Debug|Any CPU
		{C1ED22B8-527A-4A50-9CA2-4454FF0A2243}.Release|Any CPU.ActiveCfg = Release|Any CPU
		{C1ED22B8-527A-4A50-9CA2-4454FF0A2243}.Release|Any CPU.Build.0 = Release|Any CPU
	EndGlobalSection
	GlobalSection(SolutionProperties) = preSolution
		HideSolutionNode = FALSE
	EndGlobalSection
	GlobalSection(ExtensibilityGlobals) = postSolution
		SolutionGuid = {EA277B37-6AB6-42AB-A0A6-C03507E49493}
	EndGlobalSection
EndGlobal
