
Microsoft Visual Studio Solution File, Format Version 12.00
# Visual Studio Version 17
VisualStudioVersion = 17.6.33723.286
MinimumVisualStudioVersion = 10.0.40219.1
Project("{FAE04EC0-301F-11D3-BF4B-00C04F79EFBC}") = "C# lab day 05 Q 1", "C# lab day 05 Q 1\C# lab day 05 Q 1.csproj", "{30CFEEB9-BAE0-4469-9E38-25665D0EF15C}"
EndProject
Global
	GlobalSection(SolutionConfigurationPlatforms) = preSolution
		Debug|Any CPU = Debug|Any CPU
		Release|Any CPU = Release|Any CPU
	EndGlobalSection
	GlobalSection(ProjectConfigurationPlatforms) = postSolution
		{30CFEEB9-BAE0-4469-9E38-25665D0EF15C}.Debug|Any CPU.ActiveCfg = Debug|Any CPU
		{30CFEEB9-BAE0-4469-9E38-25665D0EF15C}.Debug|Any CPU.Build.0 = Debug|Any CPU
		{30CFEEB9-BAE0-4469-9E38-25665D0EF15C}.Release|Any CPU.ActiveCfg = Release|Any CPU
		{30CFEEB9-BAE0-4469-9E38-25665D0EF15C}.Release|Any CPU.Build.0 = Release|Any CPU
	EndGlobalSection
	GlobalSection(SolutionProperties) = preSolution
		HideSolutionNode = FALSE
	EndGlobalSection
	GlobalSection(ExtensibilityGlobals) = postSolution
		SolutionGuid = {2D7CE388-D16F-432D-8B82-17435DEDBD67}
	EndGlobalSection
EndGlobal
