
Microsoft Visual Studio Solution File, Format Version 12.00
# Visual Studio Version 17
VisualStudioVersion = 17.6.33723.286
MinimumVisualStudioVersion = 10.0.40219.1
Project("{FAE04EC0-301F-11D3-BF4B-00C04F79EFBC}") = "C# lab day 02 Q 03", "C# lab day 02 Q 03\C# lab day 02 Q 03.csproj", "{A17FDB30-40FF-4F9A-912A-27E748EFC075}"
EndProject
Global
	GlobalSection(SolutionConfigurationPlatforms) = preSolution
		Debug|Any CPU = Debug|Any CPU
		Release|Any CPU = Release|Any CPU
	EndGlobalSection
	GlobalSection(ProjectConfigurationPlatforms) = postSolution
		{A17FDB30-40FF-4F9A-912A-27E748EFC075}.Debug|Any CPU.ActiveCfg = Debug|Any CPU
		{A17FDB30-40FF-4F9A-912A-27E748EFC075}.Debug|Any CPU.Build.0 = Debug|Any CPU
		{A17FDB30-40FF-4F9A-912A-27E748EFC075}.Release|Any CPU.ActiveCfg = Release|Any CPU
		{A17FDB30-40FF-4F9A-912A-27E748EFC075}.Release|Any CPU.Build.0 = Release|Any CPU
	EndGlobalSection
	GlobalSection(SolutionProperties) = preSolution
		HideSolutionNode = FALSE
	EndGlobalSection
	GlobalSection(ExtensibilityGlobals) = postSolution
		SolutionGuid = {915801F7-04BB-40C4-89BD-E3250A1D4ACE}
	EndGlobalSection
EndGlobal
