
Microsoft Visual Studio Solution File, Format Version 12.00
# Visual Studio Version 17
VisualStudioVersion = 17.6.33723.286
MinimumVisualStudioVersion = 10.0.40219.1
Project("{FAE04EC0-301F-11D3-BF4B-00C04F79EFBC}") = "C# lab day 04 Q 1", "C# lab day 04 Q 1\C# lab day 04 Q 1.csproj", "{28AE2DBF-0C87-4A1F-82E5-52C0C2B6F47E}"
EndProject
Global
	GlobalSection(SolutionConfigurationPlatforms) = preSolution
		Debug|Any CPU = Debug|Any CPU
		Release|Any CPU = Release|Any CPU
	EndGlobalSection
	GlobalSection(ProjectConfigurationPlatforms) = postSolution
		{28AE2DBF-0C87-4A1F-82E5-52C0C2B6F47E}.Debug|Any CPU.ActiveCfg = Debug|Any CPU
		{28AE2DBF-0C87-4A1F-82E5-52C0C2B6F47E}.Debug|Any CPU.Build.0 = Debug|Any CPU
		{28AE2DBF-0C87-4A1F-82E5-52C0C2B6F47E}.Release|Any CPU.ActiveCfg = Release|Any CPU
		{28AE2DBF-0C87-4A1F-82E5-52C0C2B6F47E}.Release|Any CPU.Build.0 = Release|Any CPU
	EndGlobalSection
	GlobalSection(SolutionProperties) = preSolution
		HideSolutionNode = FALSE
	EndGlobalSection
	GlobalSection(ExtensibilityGlobals) = postSolution
		SolutionGuid = {8C569637-9B06-4168-A66D-5256DD9F46CD}
	EndGlobalSection
EndGlobal
