
Microsoft Visual Studio Solution File, Format Version 12.00
# Visual Studio Version 17
VisualStudioVersion = 17.6.33723.286
MinimumVisualStudioVersion = 10.0.40219.1
Project("{FAE04EC0-301F-11D3-BF4B-00C04F79EFBC}") = "C# lab day 04 Q 2", "C# lab day 04 Q 2\C# lab day 04 Q 2.csproj", "{A19FDF54-4FE1-4D42-8A44-1E727B461DB2}"
EndProject
Global
	GlobalSection(SolutionConfigurationPlatforms) = preSolution
		Debug|Any CPU = Debug|Any CPU
		Release|Any CPU = Release|Any CPU
	EndGlobalSection
	GlobalSection(ProjectConfigurationPlatforms) = postSolution
		{A19FDF54-4FE1-4D42-8A44-1E727B461DB2}.Debug|Any CPU.ActiveCfg = Debug|Any CPU
		{A19FDF54-4FE1-4D42-8A44-1E727B461DB2}.Debug|Any CPU.Build.0 = Debug|Any CPU
		{A19FDF54-4FE1-4D42-8A44-1E727B461DB2}.Release|Any CPU.ActiveCfg = Release|Any CPU
		{A19FDF54-4FE1-4D42-8A44-1E727B461DB2}.Release|Any CPU.Build.0 = Release|Any CPU
	EndGlobalSection
	GlobalSection(SolutionProperties) = preSolution
		HideSolutionNode = FALSE
	EndGlobalSection
	GlobalSection(ExtensibilityGlobals) = postSolution
		SolutionGuid = {827E39BD-299F-4726-9302-47CFF7C1FD06}
	EndGlobalSection
EndGlobal
