
Microsoft Visual Studio Solution File, Format Version 12.00
# Visual Studio Version 17
VisualStudioVersion = 17.6.33723.286
MinimumVisualStudioVersion = 10.0.40219.1
Project("{FAE04EC0-301F-11D3-BF4B-00C04F79EFBC}") = "C# lab day 05 Q 2", "C# lab day 05 Q 2\C# lab day 05 Q 2.csproj", "{6586AEAC-49BE-4046-A9FA-E47630897052}"
EndProject
Global
	GlobalSection(SolutionConfigurationPlatforms) = preSolution
		Debug|Any CPU = Debug|Any CPU
		Release|Any CPU = Release|Any CPU
	EndGlobalSection
	GlobalSection(ProjectConfigurationPlatforms) = postSolution
		{6586AEAC-49BE-4046-A9FA-E47630897052}.Debug|Any CPU.ActiveCfg = Debug|Any CPU
		{6586AEAC-49BE-4046-A9FA-E47630897052}.Debug|Any CPU.Build.0 = Debug|Any CPU
		{6586AEAC-49BE-4046-A9FA-E47630897052}.Release|Any CPU.ActiveCfg = Release|Any CPU
		{6586AEAC-49BE-4046-A9FA-E47630897052}.Release|Any CPU.Build.0 = Release|Any CPU
	EndGlobalSection
	GlobalSection(SolutionProperties) = preSolution
		HideSolutionNode = FALSE
	EndGlobalSection
	GlobalSection(ExtensibilityGlobals) = postSolution
		SolutionGuid = {5AFFB1CA-62A3-4D24-95A5-8DE0790EE110}
	EndGlobalSection
EndGlobal
